
Microsoft Visual Studio Solution File, Format Version 12.00
# Visual Studio Version 17
VisualStudioVersion = 17.5.33627.172
MinimumVisualStudioVersion = 10.0.40219.1
Project("{9A19103F-16F7-4668-BE54-9A1E7A4F7556}") = "API", "API\API.csproj", "{E99DEC43-25AF-468D-BFBD-C00577D7DB1B}"
EndProject
Project("{9A19103F-16F7-4668-BE54-9A1E7A4F7556}") = "Client", "Client\Client.csproj", "{CC1A9AD0-4C8D-4494-ADA2-74693B8E4D46}"
EndProject
Global
	GlobalSection(SolutionConfigurationPlatforms) = preSolution
		Debug|Any CPU = Debug|Any CPU
		Release|Any CPU = Release|Any CPU
	EndGlobalSection
	GlobalSection(ProjectConfigurationPlatforms) = postSolution
		{E99DEC43-25AF-468D-BFBD-C00577D7DB1B}.Debug|Any CPU.ActiveCfg = Debug|Any CPU
		{E99DEC43-25AF-468D-BFBD-C00577D7DB1B}.Debug|Any CPU.Build.0 = Debug|Any CPU
		{E99DEC43-25AF-468D-BFBD-C00577D7DB1B}.Release|Any CPU.ActiveCfg = Release|Any CPU
		{E99DEC43-25AF-468D-BFBD-C00577D7DB1B}.Release|Any CPU.Build.0 = Release|Any CPU
		{CC1A9AD0-4C8D-4494-ADA2-74693B8E4D46}.Debug|Any CPU.ActiveCfg = Debug|Any CPU
		{CC1A9AD0-4C8D-4494-ADA2-74693B8E4D46}.Debug|Any CPU.Build.0 = Debug|Any CPU
		{CC1A9AD0-4C8D-4494-ADA2-74693B8E4D46}.Release|Any CPU.ActiveCfg = Release|Any CPU
		{CC1A9AD0-4C8D-4494-ADA2-74693B8E4D46}.Release|Any CPU.Build.0 = Release|Any CPU
	EndGlobalSection
	GlobalSection(SolutionProperties) = preSolution
		HideSolutionNode = FALSE
	EndGlobalSection
	GlobalSection(ExtensibilityGlobals) = postSolution
		SolutionGuid = {0E9716BB-23A5-4E3E-AE41-D3F62FF195D1}
	EndGlobalSection
EndGlobal
